
Microsoft Visual Studio Solution File, Format Version 12.00
# Visual Studio Version 17
VisualStudioVersion = 17.1.32421.90
MinimumVisualStudioVersion = 10.0.40219.1
Project("{9A19103F-16F7-4668-BE54-9A1E7A4F7556}") = "SampleApplication", "src\SampleApplication.csproj", "{DA148F8E-3743-4BAD-879C-B6951D0E1A29}"
EndProject
Project("{9A19103F-16F7-4668-BE54-9A1E7A4F7556}") = "SampleApplication.Test", "test\SampleApplication.Test.csproj", "{77CA6F19-9E8F-46D9-9733-8E098F96CAD8}"
EndProject
Global
	GlobalSection(SolutionConfigurationPlatforms) = preSolution
		Debug|Any CPU = Debug|Any CPU
		Release|Any CPU = Release|Any CPU
	EndGlobalSection
	GlobalSection(ProjectConfigurationPlatforms) = postSolution
		{DA148F8E-3743-4BAD-879C-B6951D0E1A29}.Debug|Any CPU.ActiveCfg = Debug|Any CPU
		{DA148F8E-3743-4BAD-879C-B6951D0E1A29}.Debug|Any CPU.Build.0 = Debug|Any CPU
		{DA148F8E-3743-4BAD-879C-B6951D0E1A29}.Release|Any CPU.ActiveCfg = Release|Any CPU
		{DA148F8E-3743-4BAD-879C-B6951D0E1A29}.Release|Any CPU.Build.0 = Release|Any CPU
		{77CA6F19-9E8F-46D9-9733-8E098F96CAD8}.Debug|Any CPU.ActiveCfg = Debug|Any CPU
		{77CA6F19-9E8F-46D9-9733-8E098F96CAD8}.Debug|Any CPU.Build.0 = Debug|Any CPU
		{77CA6F19-9E8F-46D9-9733-8E098F96CAD8}.Release|Any CPU.ActiveCfg = Release|Any CPU
		{77CA6F19-9E8F-46D9-9733-8E098F96CAD8}.Release|Any CPU.Build.0 = Release|Any CPU
	EndGlobalSection
	GlobalSection(SolutionProperties) = preSolution
		HideSolutionNode = FALSE
	EndGlobalSection
	GlobalSection(ExtensibilityGlobals) = postSolution
		SolutionGuid = {116E5F21-4B00-49AB-94D1-3D74B7E002B9}
	EndGlobalSection
EndGlobal
